
Microsoft Visual Studio Solution File, Format Version 12.00
# Visual Studio 14
VisualStudioVersion = 14.0.25420.1
MinimumVisualStudioVersion = 10.0.40219.1
Project("{2150E333-8FDC-42A3-9474-1A3956D46DE8}") = "Engine", "Engine", "{2ECEC8F0-6777-48B7-A661-1639F7BB797E}"
EndProject
Project("{2150E333-8FDC-42A3-9474-1A3956D46DE8}") = "Games", "Games", "{BDBF6508-6AB0-4D04-AE6F-F9CF6135A71C}"
EndProject
Project("{8BC9CEB8-8B4A-11D0-8D11-00A0C91BC942}") = "UE4", "Intermediate\ProjectFiles\UE4.vcxproj", "{CF729123-01D7-493B-AB6F-FA082C842E68}"
EndProject
Project("{8BC9CEB8-8B4A-11D0-8D11-00A0C91BC942}") = "Pwg", "Intermediate\ProjectFiles\Pwg.vcxproj", "{67A8619A-83D1-4EC8-8B71-9CB014A7F6AB}"
EndProject
Global
	GlobalSection(SolutionConfigurationPlatforms) = preSolution
		DebugGame Editor|HTML5 = DebugGame Editor|HTML5
		DebugGame Editor|IOS = DebugGame Editor|IOS
		DebugGame Editor|Win32 = DebugGame Editor|Win32
		DebugGame Editor|Win64 = DebugGame Editor|Win64
		DebugGame|HTML5 = DebugGame|HTML5
		DebugGame|IOS = DebugGame|IOS
		DebugGame|Win32 = DebugGame|Win32
		DebugGame|Win64 = DebugGame|Win64
		Development Editor|HTML5 = Development Editor|HTML5
		Development Editor|IOS = Development Editor|IOS
		Development Editor|Win32 = Development Editor|Win32
		Development Editor|Win64 = Development Editor|Win64
		Development|HTML5 = Development|HTML5
		Development|IOS = Development|IOS
		Development|Win32 = Development|Win32
		Development|Win64 = Development|Win64
		Shipping|HTML5 = Shipping|HTML5
		Shipping|IOS = Shipping|IOS
		Shipping|Win32 = Shipping|Win32
		Shipping|Win64 = Shipping|Win64
	EndGlobalSection
	GlobalSection(ProjectConfigurationPlatforms) = postSolution
		{CF729123-01D7-493B-AB6F-FA082C842E68}.DebugGame Editor|HTML5.ActiveCfg = BuiltWithUnrealBuildTool|Win32
		{CF729123-01D7-493B-AB6F-FA082C842E68}.DebugGame Editor|HTML5.Build.0 = BuiltWithUnrealBuildTool|Win32
		{CF729123-01D7-493B-AB6F-FA082C842E68}.DebugGame Editor|IOS.ActiveCfg = BuiltWithUnrealBuildTool|Win32
		{CF729123-01D7-493B-AB6F-FA082C842E68}.DebugGame Editor|IOS.Build.0 = BuiltWithUnrealBuildTool|Win32
		{CF729123-01D7-493B-AB6F-FA082C842E68}.DebugGame Editor|Win32.ActiveCfg = BuiltWithUnrealBuildTool|Win32
		{CF729123-01D7-493B-AB6F-FA082C842E68}.DebugGame Editor|Win32.Build.0 = BuiltWithUnrealBuildTool|Win32
		{CF729123-01D7-493B-AB6F-FA082C842E68}.DebugGame Editor|Win64.ActiveCfg = BuiltWithUnrealBuildTool|Win32
		{CF729123-01D7-493B-AB6F-FA082C842E68}.DebugGame Editor|Win64.Build.0 = BuiltWithUnrealBuildTool|Win32
		{CF729123-01D7-493B-AB6F-FA082C842E68}.DebugGame|HTML5.ActiveCfg = BuiltWithUnrealBuildTool|Win32
		{CF729123-01D7-493B-AB6F-FA082C842E68}.DebugGame|HTML5.Build.0 = BuiltWithUnrealBuildTool|Win32
		{CF729123-01D7-493B-AB6F-FA082C842E68}.DebugGame|IOS.ActiveCfg = BuiltWithUnrealBuildTool|Win32
		{CF729123-01D7-493B-AB6F-FA082C842E68}.DebugGame|IOS.Build.0 = BuiltWithUnrealBuildTool|Win32
		{CF729123-01D7-493B-AB6F-FA082C842E68}.DebugGame|Win32.ActiveCfg = BuiltWithUnrealBuildTool|Win32
		{CF729123-01D7-493B-AB6F-FA082C842E68}.DebugGame|Win32.Build.0 = BuiltWithUnrealBuildTool|Win32
		{CF729123-01D7-493B-AB6F-FA082C842E68}.DebugGame|Win64.ActiveCfg = BuiltWithUnrealBuildTool|Win32
		{CF729123-01D7-493B-AB6F-FA082C842E68}.DebugGame|Win64.Build.0 = BuiltWithUnrealBuildTool|Win32
		{CF729123-01D7-493B-AB6F-FA082C842E68}.Development Editor|HTML5.ActiveCfg = BuiltWithUnrealBuildTool|Win32
		{CF729123-01D7-493B-AB6F-FA082C842E68}.Development Editor|HTML5.Build.0 = BuiltWithUnrealBuildTool|Win32
		{CF729123-01D7-493B-AB6F-FA082C842E68}.Development Editor|IOS.ActiveCfg = BuiltWithUnrealBuildTool|Win32
		{CF729123-01D7-493B-AB6F-FA082C842E68}.Development Editor|IOS.Build.0 = BuiltWithUnrealBuildTool|Win32
		{CF729123-01D7-493B-AB6F-FA082C842E68}.Development Editor|Win32.ActiveCfg = BuiltWithUnrealBuildTool|Win32
		{CF729123-01D7-493B-AB6F-FA082C842E68}.Development Editor|Win32.Build.0 = BuiltWithUnrealBuildTool|Win32
		{CF729123-01D7-493B-AB6F-FA082C842E68}.Development Editor|Win64.ActiveCfg = BuiltWithUnrealBuildTool|Win32
		{CF729123-01D7-493B-AB6F-FA082C842E68}.Development Editor|Win64.Build.0 = BuiltWithUnrealBuildTool|Win32
		{CF729123-01D7-493B-AB6F-FA082C842E68}.Development|HTML5.ActiveCfg = BuiltWithUnrealBuildTool|Win32
		{CF729123-01D7-493B-AB6F-FA082C842E68}.Development|HTML5.Build.0 = BuiltWithUnrealBuildTool|Win32
		{CF729123-01D7-493B-AB6F-FA082C842E68}.Development|IOS.ActiveCfg = BuiltWithUnrealBuildTool|Win32
		{CF729123-01D7-493B-AB6F-FA082C842E68}.Development|IOS.Build.0 = BuiltWithUnrealBuildTool|Win32
		{CF729123-01D7-493B-AB6F-FA082C842E68}.Development|Win32.ActiveCfg = BuiltWithUnrealBuildTool|Win32
		{CF729123-01D7-493B-AB6F-FA082C842E68}.Development|Win32.Build.0 = BuiltWithUnrealBuildTool|Win32
		{CF729123-01D7-493B-AB6F-FA082C842E68}.Development|Win64.ActiveCfg = BuiltWithUnrealBuildTool|Win32
		{CF729123-01D7-493B-AB6F-FA082C842E68}.Development|Win64.Build.0 = BuiltWithUnrealBuildTool|Win32
		{CF729123-01D7-493B-AB6F-FA082C842E68}.Shipping|HTML5.ActiveCfg = BuiltWithUnrealBuildTool|Win32
		{CF729123-01D7-493B-AB6F-FA082C842E68}.Shipping|HTML5.Build.0 = BuiltWithUnrealBuildTool|Win32
		{CF729123-01D7-493B-AB6F-FA082C842E68}.Shipping|IOS.ActiveCfg = BuiltWithUnrealBuildTool|Win32
		{CF729123-01D7-493B-AB6F-FA082C842E68}.Shipping|IOS.Build.0 = BuiltWithUnrealBuildTool|Win32
		{CF729123-01D7-493B-AB6F-FA082C842E68}.Shipping|Win32.ActiveCfg = BuiltWithUnrealBuildTool|Win32
		{CF729123-01D7-493B-AB6F-FA082C842E68}.Shipping|Win32.Build.0 = BuiltWithUnrealBuildTool|Win32
		{CF729123-01D7-493B-AB6F-FA082C842E68}.Shipping|Win64.ActiveCfg = BuiltWithUnrealBuildTool|Win32
		{CF729123-01D7-493B-AB6F-FA082C842E68}.Shipping|Win64.Build.0 = BuiltWithUnrealBuildTool|Win32
		{67A8619A-83D1-4EC8-8B71-9CB014A7F6AB}.DebugGame Editor|HTML5.ActiveCfg = HTML5_DebugGame_Editor|Win32
		{67A8619A-83D1-4EC8-8B71-9CB014A7F6AB}.DebugGame Editor|IOS.ActiveCfg = IOS_DebugGame_Editor|Win32
		{67A8619A-83D1-4EC8-8B71-9CB014A7F6AB}.DebugGame Editor|Win32.ActiveCfg = DebugGame_Editor|Win32
		{67A8619A-83D1-4EC8-8B71-9CB014A7F6AB}.DebugGame Editor|Win64.ActiveCfg = DebugGame_Editor|x64
		{67A8619A-83D1-4EC8-8B71-9CB014A7F6AB}.DebugGame Editor|Win64.Build.0 = DebugGame_Editor|x64
		{67A8619A-83D1-4EC8-8B71-9CB014A7F6AB}.DebugGame|HTML5.ActiveCfg = HTML5_DebugGame_Game|Win32
		{67A8619A-83D1-4EC8-8B71-9CB014A7F6AB}.DebugGame|HTML5.Build.0 = HTML5_DebugGame_Game|Win32
		{67A8619A-83D1-4EC8-8B71-9CB014A7F6AB}.DebugGame|IOS.ActiveCfg = IOS_DebugGame_Game|Win32
		{67A8619A-83D1-4EC8-8B71-9CB014A7F6AB}.DebugGame|IOS.Build.0 = IOS_DebugGame_Game|Win32
		{67A8619A-83D1-4EC8-8B71-9CB014A7F6AB}.DebugGame|Win32.ActiveCfg = DebugGame_Game|Win32
		{67A8619A-83D1-4EC8-8B71-9CB014A7F6AB}.DebugGame|Win32.Build.0 = DebugGame_Game|Win32
		{67A8619A-83D1-4EC8-8B71-9CB014A7F6AB}.DebugGame|Win64.ActiveCfg = DebugGame_Game|x64
		{67A8619A-83D1-4EC8-8B71-9CB014A7F6AB}.DebugGame|Win64.Build.0 = DebugGame_Game|x64
		{67A8619A-83D1-4EC8-8B71-9CB014A7F6AB}.Development Editor|HTML5.ActiveCfg = HTML5_Development_Editor|Win32
		{67A8619A-83D1-4EC8-8B71-9CB014A7F6AB}.Development Editor|IOS.ActiveCfg = IOS_Development_Editor|Win32
		{67A8619A-83D1-4EC8-8B71-9CB014A7F6AB}.Development Editor|Win32.ActiveCfg = Development_Editor|Win32
		{67A8619A-83D1-4EC8-8B71-9CB014A7F6AB}.Development Editor|Win64.ActiveCfg = Development_Editor|x64
		{67A8619A-83D1-4EC8-8B71-9CB014A7F6AB}.Development Editor|Win64.Build.0 = Development_Editor|x64
		{67A8619A-83D1-4EC8-8B71-9CB014A7F6AB}.Development|HTML5.ActiveCfg = HTML5_Development_Game|Win32
		{67A8619A-83D1-4EC8-8B71-9CB014A7F6AB}.Development|HTML5.Build.0 = HTML5_Development_Game|Win32
		{67A8619A-83D1-4EC8-8B71-9CB014A7F6AB}.Development|IOS.ActiveCfg = IOS_Development_Game|Win32
		{67A8619A-83D1-4EC8-8B71-9CB014A7F6AB}.Development|IOS.Build.0 = IOS_Development_Game|Win32
		{67A8619A-83D1-4EC8-8B71-9CB014A7F6AB}.Development|Win32.ActiveCfg = Development_Game|Win32
		{67A8619A-83D1-4EC8-8B71-9CB014A7F6AB}.Development|Win32.Build.0 = Development_Game|Win32
		{67A8619A-83D1-4EC8-8B71-9CB014A7F6AB}.Development|Win64.ActiveCfg = Development_Game|x64
		{67A8619A-83D1-4EC8-8B71-9CB014A7F6AB}.Development|Win64.Build.0 = Development_Game|x64
		{67A8619A-83D1-4EC8-8B71-9CB014A7F6AB}.Shipping|HTML5.ActiveCfg = HTML5_Shipping_Game|Win32
		{67A8619A-83D1-4EC8-8B71-9CB014A7F6AB}.Shipping|HTML5.Build.0 = HTML5_Shipping_Game|Win32
		{67A8619A-83D1-4EC8-8B71-9CB014A7F6AB}.Shipping|IOS.ActiveCfg = IOS_Shipping_Game|Win32
		{67A8619A-83D1-4EC8-8B71-9CB014A7F6AB}.Shipping|IOS.Build.0 = IOS_Shipping_Game|Win32
		{67A8619A-83D1-4EC8-8B71-9CB014A7F6AB}.Shipping|Win32.ActiveCfg = Shipping_Game|Win32
		{67A8619A-83D1-4EC8-8B71-9CB014A7F6AB}.Shipping|Win32.Build.0 = Shipping_Game|Win32
		{67A8619A-83D1-4EC8-8B71-9CB014A7F6AB}.Shipping|Win64.ActiveCfg = Shipping_Game|x64
		{67A8619A-83D1-4EC8-8B71-9CB014A7F6AB}.Shipping|Win64.Build.0 = Shipping_Game|x64
	EndGlobalSection
	GlobalSection(SolutionProperties) = preSolution
		HideSolutionNode = FALSE
	EndGlobalSection
	GlobalSection(NestedProjects) = preSolution
		{CF729123-01D7-493B-AB6F-FA082C842E68} = {2ECEC8F0-6777-48B7-A661-1639F7BB797E}
		{67A8619A-83D1-4EC8-8B71-9CB014A7F6AB} = {BDBF6508-6AB0-4D04-AE6F-F9CF6135A71C}
	EndGlobalSection
EndGlobal
